
Microsoft Visual Studio Solution File, Format Version 12.00
# Visual Studio Version 17
VisualStudioVersion = 17.1.32407.343
MinimumVisualStudioVersion = 10.0.40219.1
Project("{8BC9CEB8-8B4A-11D0-8D11-00A0C91BC942}") = "RayTracerLib", "RayTracerLib\RayTracerLib.vcxproj", "{BA2C4A3A-C400-4E3F-AC51-6E8E0EB8997B}"
	ProjectSection(ProjectDependencies) = postProject
		{9D353CBA-7700-4E5D-8455-07CFDBD9E0C7} = {9D353CBA-7700-4E5D-8455-07CFDBD9E0C7}
	EndProjectSection
EndProject
Project("{8BC9CEB8-8B4A-11D0-8D11-00A0C91BC942}") = "RayTracer", "RayTracer\RayTracer.vcxproj", "{14718667-7C54-4BCF-AE4E-83E75184DFCE}"
	ProjectSection(ProjectDependencies) = postProject
		{9D353CBA-7700-4E5D-8455-07CFDBD9E0C7} = {9D353CBA-7700-4E5D-8455-07CFDBD9E0C7}
	EndProjectSection
EndProject
Project("{8BC9CEB8-8B4A-11D0-8D11-00A0C91BC942}") = "RayTracerLibTests", "RayTracerLibTests\RayTracerLibTests.vcxproj", "{5949FE9D-8B77-4064-993F-BD518FF37666}"
EndProject
Project("{888888A0-9F3D-457C-B088-3A5042F75D52}") = "KingRenderEngine", "KingRenderEngine\KingRenderEngine.pyproj", "{FE3C3D95-E5F4-48E7-80A9-91870A0664E9}"
EndProject
Project("{2150E333-8FDC-42A3-9474-1A3956D46DE8}") = "LibPNG", "LibPNG", "{42B60DA9-9804-4388-A4AF-D9CB3804457A}"
EndProject
Project("{2150E333-8FDC-42A3-9474-1A3956D46DE8}") = "ZLib", "ZLib", "{F070CABF-B93A-4B64-92A8-C37391CE7B04}"
EndProject
Project("{8BC9CEB8-8B4A-11D0-8D11-00A0C91BC942}") = "zlib", "dependencies\ZLib\zlib\zlib.vcxproj", "{E366787B-5DF2-48B7-88FA-7CA8C35E1299}"
EndProject
Project("{8BC9CEB8-8B4A-11D0-8D11-00A0C91BC942}") = "pnglibconf", "dependencies\LibPNG\pnglibconf\pnglibconf.vcxproj", "{8AD8DBA7-62AC-49E1-BBBF-F95D665369EF}"
EndProject
Project("{8BC9CEB8-8B4A-11D0-8D11-00A0C91BC942}") = "libpng", "dependencies\LibPNG\libpng\libpng.vcxproj", "{9D353CBA-7700-4E5D-8455-07CFDBD9E0C7}"
	ProjectSection(ProjectDependencies) = postProject
		{8AD8DBA7-62AC-49E1-BBBF-F95D665369EF} = {8AD8DBA7-62AC-49E1-BBBF-F95D665369EF}
	EndProjectSection
EndProject
Project("{2150E333-8FDC-42A3-9474-1A3956D46DE8}") = "External Dependencies", "External Dependencies", "{01299EC2-6849-49D5-BC5F-2621543EAA7E}"
EndProject
Global
	GlobalSection(SolutionConfigurationPlatforms) = preSolution
		Debug|x64 = Debug|x64
	EndGlobalSection
	GlobalSection(ProjectConfigurationPlatforms) = postSolution
		{BA2C4A3A-C400-4E3F-AC51-6E8E0EB8997B}.Debug|x64.ActiveCfg = Debug|x64
		{BA2C4A3A-C400-4E3F-AC51-6E8E0EB8997B}.Debug|x64.Build.0 = Debug|x64
		{14718667-7C54-4BCF-AE4E-83E75184DFCE}.Debug|x64.ActiveCfg = Debug|x64
		{14718667-7C54-4BCF-AE4E-83E75184DFCE}.Debug|x64.Build.0 = Debug|x64
		{5949FE9D-8B77-4064-993F-BD518FF37666}.Debug|x64.ActiveCfg = Debug|x64
		{5949FE9D-8B77-4064-993F-BD518FF37666}.Debug|x64.Build.0 = Debug|x64
		{FE3C3D95-E5F4-48E7-80A9-91870A0664E9}.Debug|x64.ActiveCfg = Debug|Any CPU
		{E366787B-5DF2-48B7-88FA-7CA8C35E1299}.Debug|x64.ActiveCfg = Debug|x64
		{E366787B-5DF2-48B7-88FA-7CA8C35E1299}.Debug|x64.Build.0 = Debug|x64
		{8AD8DBA7-62AC-49E1-BBBF-F95D665369EF}.Debug|x64.ActiveCfg = Debug|x64
		{8AD8DBA7-62AC-49E1-BBBF-F95D665369EF}.Debug|x64.Build.0 = Debug|x64
		{9D353CBA-7700-4E5D-8455-07CFDBD9E0C7}.Debug|x64.ActiveCfg = Debug|x64
		{9D353CBA-7700-4E5D-8455-07CFDBD9E0C7}.Debug|x64.Build.0 = Debug|x64
	EndGlobalSection
	GlobalSection(SolutionProperties) = preSolution
		HideSolutionNode = FALSE
	EndGlobalSection
	GlobalSection(NestedProjects) = preSolution
		{42B60DA9-9804-4388-A4AF-D9CB3804457A} = {01299EC2-6849-49D5-BC5F-2621543EAA7E}
		{F070CABF-B93A-4B64-92A8-C37391CE7B04} = {01299EC2-6849-49D5-BC5F-2621543EAA7E}
		{E366787B-5DF2-48B7-88FA-7CA8C35E1299} = {F070CABF-B93A-4B64-92A8-C37391CE7B04}
		{8AD8DBA7-62AC-49E1-BBBF-F95D665369EF} = {42B60DA9-9804-4388-A4AF-D9CB3804457A}
		{9D353CBA-7700-4E5D-8455-07CFDBD9E0C7} = {42B60DA9-9804-4388-A4AF-D9CB3804457A}
	EndGlobalSection
	GlobalSection(ExtensibilityGlobals) = postSolution
		SolutionGuid = {2E7547E6-A51B-4E81-9F28-D888B55E58B2}
	EndGlobalSection
EndGlobal
