<?xml version="1.0" encoding="utf-8"?>
<Project ToolsVersion="4.0" xmlns="http://schemas.microsoft.com/developer/msbuild/2003">
  <ItemGroup>
    <ClCompile Include="CameraTests.cpp">
      <Filter>Source Files</Filter>
    </ClCompile>
    <ClCompile Include="SphereTests.cpp">
      <Filter>Source Files</Filter>
    </ClCompile>
    <ClCompile Include="UtilitiesTests.cpp">
      <Filter>Source Files</Filter>
    </ClCompile>
    <ClCompile Include="MeshTests.cpp">
      <Filter>Source Files</Filter>
    </ClCompile>
  </ItemGroup>
  <ItemGroup>
    <None Include="packages.config" />
  </ItemGroup>
  <ItemGroup>
    <Filter Include="Source Files">
      <UniqueIdentifier>{5d514c48-669c-4892-98b1-072dd59068c7}</UniqueIdentifier>
    </Filter>
  </ItemGroup>
</Project>