<?xml version="1.0" encoding="utf-8"?>
<Project ToolsVersion="4.0" xmlns="http://schemas.microsoft.com/developer/msbuild/2003">
  <ItemGroup>
    <Filter Include="Source Files">
      <UniqueIdentifier>{4FC737F1-C7A5-4376-A066-2A32D752A2FF}</UniqueIdentifier>
      <Extensions>cpp;c;cc;cxx;c++;cppm;ixx;def;odl;idl;hpj;bat;asm;asmx</Extensions>
    </Filter>
    <Filter Include="Header Files">
      <UniqueIdentifier>{93995380-89BD-4b04-88EB-625FBE52EBFB}</UniqueIdentifier>
      <Extensions>h;hh;hpp;hxx;h++;hm;inl;inc;ipp;xsd</Extensions>
    </Filter>
    <Filter Include="Source Files\CPU Rendering">
      <UniqueIdentifier>{049fc58c-1d31-414e-94fc-10c97dfbaafb}</UniqueIdentifier>
    </Filter>
    <Filter Include="Source Files\CPU Rendering\Materials">
      <UniqueIdentifier>{9bd4023e-08fa-4b01-a77f-8fee317d45f6}</UniqueIdentifier>
    </Filter>
    <Filter Include="Header Files\CPU Rendering">
      <UniqueIdentifier>{558df0ba-f002-4c5c-be97-2b11dae9d9b1}</UniqueIdentifier>
    </Filter>
    <Filter Include="Header Files\CPU Rendering\Materials">
      <UniqueIdentifier>{3a5213b3-2e1d-4ad0-a3cb-890dd13629cd}</UniqueIdentifier>
    </Filter>
    <Filter Include="Utilities">
      <UniqueIdentifier>{a3947163-0f50-4720-96b8-6883771d9269}</UniqueIdentifier>
    </Filter>
    <Filter Include="Utilities\Timers">
      <UniqueIdentifier>{72331fea-8a1c-4b4d-8d47-853fb28353e6}</UniqueIdentifier>
    </Filter>
    <Filter Include="Utilities\Vulkan">
      <UniqueIdentifier>{973b9a23-1c38-4121-a0e1-d91c7dc78664}</UniqueIdentifier>
    </Filter>
    <Filter Include="Source Files\GPU Rendering">
      <UniqueIdentifier>{a31f32fc-063b-4632-83c5-25cc49e91321}</UniqueIdentifier>
    </Filter>
    <Filter Include="Shader Files">
      <UniqueIdentifier>{ca49132c-8928-4140-b013-5c76b78a2c7d}</UniqueIdentifier>
    </Filter>
    <Filter Include="Shader Files\Materials">
      <UniqueIdentifier>{e4a7b9d4-9b9a-4fab-a4f3-f8f0cd69054f}</UniqueIdentifier>
    </Filter>
    <Filter Include="Shader Files\Materials\Diffuse">
      <UniqueIdentifier>{141ee42c-9420-4030-9cdb-8e2c09060ed0}</UniqueIdentifier>
    </Filter>
    <Filter Include="Shader Files\Materials\World">
      <UniqueIdentifier>{20369b63-9877-43f8-879a-df7d119c36de}</UniqueIdentifier>
    </Filter>
    <Filter Include="Shader Files\Sampling">
      <UniqueIdentifier>{a47c68c8-9f00-49a9-8384-2582f5115cb0}</UniqueIdentifier>
    </Filter>
    <Filter Include="Shader Files\RayIntersection">
      <UniqueIdentifier>{78c1dbd1-c82a-47de-8cfa-3a6dee6fcad8}</UniqueIdentifier>
    </Filter>
    <Filter Include="Shader Files\Header Files">
      <UniqueIdentifier>{187d7e11-78a4-442d-8c4b-da422a66dcc4}</UniqueIdentifier>
    </Filter>
    <Filter Include="Shader Files\RayInitialization">
      <UniqueIdentifier>{aeb1d1e1-7d6c-4e66-81a4-2a1fc6458639}</UniqueIdentifier>
    </Filter>
    <Filter Include="Header Files\GPU Rendering">
      <UniqueIdentifier>{6b4968f3-7cb5-4144-a3a4-7dbf30d27a83}</UniqueIdentifier>
    </Filter>
  </ItemGroup>
  <ItemGroup>
    <ClInclude Include="..\include\Camera.h">
      <Filter>Header Files</Filter>
    </ClInclude>
    <ClInclude Include="..\include\Color.h">
      <Filter>Header Files</Filter>
    </ClInclude>
    <ClInclude Include="..\include\IImage.h">
      <Filter>Header Files</Filter>
    </ClInclude>
    <ClInclude Include="..\include\Image.h">
      <Filter>Header Files</Filter>
    </ClInclude>
    <ClInclude Include="..\include\IScene.h">
      <Filter>Header Files</Filter>
    </ClInclude>
    <ClInclude Include="..\include\Pixel.h">
      <Filter>Header Files</Filter>
    </ClInclude>
    <ClInclude Include="..\include\PresetScenes.h">
      <Filter>Header Files</Filter>
    </ClInclude>
    <ClInclude Include="..\include\Ray.h">
      <Filter>Header Files</Filter>
    </ClInclude>
    <ClInclude Include="..\include\Scene.h">
      <Filter>Header Files</Filter>
    </ClInclude>
    <ClInclude Include="..\include\Sphere.h">
      <Filter>Header Files</Filter>
    </ClInclude>
    <ClInclude Include="..\include\Utilities.h">
      <Filter>Header Files</Filter>
    </ClInclude>
    <ClInclude Include="..\include\Vector3.h">
      <Filter>Header Files</Filter>
    </ClInclude>
    <ClInclude Include="..\include\Material.h">
      <Filter>Header Files\CPU Rendering\Materials</Filter>
    </ClInclude>
    <ClInclude Include="..\include\IMaterial.h">
      <Filter>Header Files\CPU Rendering\Materials</Filter>
    </ClInclude>
    <ClInclude Include="..\include\DiffuseBSDF.h">
      <Filter>Header Files\CPU Rendering\Materials</Filter>
    </ClInclude>
    <ClInclude Include="..\include\EmissiveBSDF.h">
      <Filter>Header Files\CPU Rendering\Materials</Filter>
    </ClInclude>
    <ClInclude Include="..\include\GlossyBSDF.h">
      <Filter>Header Files\CPU Rendering\Materials</Filter>
    </ClInclude>
    <ClInclude Include="..\include\PrincipledBSDF.h">
      <Filter>Header Files\CPU Rendering\Materials</Filter>
    </ClInclude>
    <ClInclude Include="..\include\IIntersectable.h">
      <Filter>Header Files\CPU Rendering</Filter>
    </ClInclude>
    <ClInclude Include="..\include\Intersection.h">
      <Filter>Header Files\CPU Rendering</Filter>
    </ClInclude>
    <ClInclude Include="..\include\IWorld.h">
      <Filter>Header Files\CPU Rendering</Filter>
    </ClInclude>
    <ClInclude Include="..\include\World.h">
      <Filter>Header Files\CPU Rendering</Filter>
    </ClInclude>
    <ClInclude Include="..\include\ThreadPool.h">
      <Filter>Header Files\CPU Rendering</Filter>
    </ClInclude>
    <ClInclude Include="..\include\PixelRenderTask.h">
      <Filter>Header Files\CPU Rendering</Filter>
    </ClInclude>
    <ClInclude Include="..\include\ElapsedTimer.h">
      <Filter>Utilities\Timers</Filter>
    </ClInclude>
    <ClInclude Include="..\include\GPURenderer.h">
      <Filter>Header Files\GPU Rendering</Filter>
    </ClInclude>
    <ClInclude Include="..\include\VulkanUtils.h">
      <Filter>Utilities\Vulkan</Filter>
    </ClInclude>
    <ClInclude Include="..\include\GPURayInitializer.h">
      <Filter>Shader Files\RayInitialization</Filter>
    </ClInclude>
    <ClInclude Include="..\include\GPUSampleAccumulator.h">
      <Filter>Shader Files\Sampling</Filter>
    </ClInclude>
    <ClInclude Include="..\include\GPURayIntersector.h">
      <Filter>Shader Files\RayIntersection</Filter>
    </ClInclude>
    <ClInclude Include="..\include\GPUStructs.h">
      <Filter>Shader Files\Header Files</Filter>
    </ClInclude>
    <ClInclude Include="..\include\GPUComputeShader.h">
      <Filter>Shader Files\Header Files</Filter>
    </ClInclude>
    <ClInclude Include="..\include\GPUDiffuseMaterial.h">
      <Filter>Shader Files\Materials\Diffuse</Filter>
    </ClInclude>
    <ClInclude Include="..\include\GPUWorldMaterial.h">
      <Filter>Shader Files\Materials\World</Filter>
    </ClInclude>
    <ClInclude Include="..\include\GPUMaterialCalculator.h">
      <Filter>Shader Files\Materials</Filter>
    </ClInclude>
    <ClInclude Include="..\include\CPURenderer.h">
      <Filter>Header Files\CPU Rendering</Filter>
    </ClInclude>
  </ItemGroup>
  <ItemGroup>
    <ClCompile Include="Material.cpp">
      <Filter>Source Files\CPU Rendering\Materials</Filter>
    </ClCompile>
    <ClCompile Include="PrincipledBSDF.cpp">
      <Filter>Source Files\CPU Rendering\Materials</Filter>
    </ClCompile>
    <ClCompile Include="DiffuseBSDF.cpp">
      <Filter>Source Files\CPU Rendering\Materials</Filter>
    </ClCompile>
    <ClCompile Include="GlossyBSDF.cpp">
      <Filter>Source Files\CPU Rendering\Materials</Filter>
    </ClCompile>
    <ClCompile Include="EmissiveBSDF.cpp">
      <Filter>Source Files\CPU Rendering\Materials</Filter>
    </ClCompile>
    <ClCompile Include="CPURenderer.cpp">
      <Filter>Source Files\CPU Rendering</Filter>
    </ClCompile>
    <ClCompile Include="World.cpp">
      <Filter>Source Files\CPU Rendering</Filter>
    </ClCompile>
    <ClCompile Include="ThreadPool.cpp">
      <Filter>Source Files\CPU Rendering</Filter>
    </ClCompile>
    <ClCompile Include="PixelRenderTask.cpp">
      <Filter>Source Files\CPU Rendering</Filter>
    </ClCompile>
    <ClCompile Include="GPURenderer.cpp">
      <Filter>Source Files\GPU Rendering</Filter>
    </ClCompile>
    <ClCompile Include="VulkanUtils.cpp">
      <Filter>Utilities\Vulkan</Filter>
    </ClCompile>
    <ClCompile Include="GPURayInitializer.cpp">
      <Filter>Shader Files\RayInitialization</Filter>
    </ClCompile>
    <ClCompile Include="GPUSampleAccumulator.cpp">
      <Filter>Shader Files\Sampling</Filter>
    </ClCompile>
    <ClCompile Include="GPURayIntersector.cpp">
      <Filter>Shader Files\RayIntersection</Filter>
    </ClCompile>
    <ClCompile Include="GPUComputeShader.cpp">
      <Filter>Shader Files</Filter>
    </ClCompile>
    <ClCompile Include="GPUDiffuseMaterial.cpp">
      <Filter>Shader Files\Materials\Diffuse</Filter>
    </ClCompile>
    <ClCompile Include="GPUWorldMaterial.cpp">
      <Filter>Shader Files\Materials\World</Filter>
    </ClCompile>
    <ClCompile Include="GPUMaterialCalculator.cpp">
      <Filter>Shader Files\Materials</Filter>
    </ClCompile>
  </ItemGroup>
  <ItemGroup>
    <CustomBuild Include="GPURayInitializer.comp">
      <Filter>Shader Files\RayInitialization</Filter>
    </CustomBuild>
    <CustomBuild Include="GPUSampleAccumulator.comp">
      <Filter>Shader Files\Sampling</Filter>
    </CustomBuild>
    <CustomBuild Include="GPUSphereIntersector.comp">
      <Filter>Shader Files\RayIntersection</Filter>
    </CustomBuild>
    <CustomBuild Include="GPUDiffuseMaterial.comp">
      <Filter>Shader Files\Materials\Diffuse</Filter>
    </CustomBuild>
    <CustomBuild Include="GPUWorldMaterial.comp">
      <Filter>Shader Files\Materials\World</Filter>
    </CustomBuild>
    <CustomBuild Include="GPUWorldIntersector.comp">
      <Filter>Shader Files\RayIntersection</Filter>
    </CustomBuild>
  </ItemGroup>
</Project>