<?xml version="1.0" encoding="utf-8"?>
<Project ToolsVersion="4.0" xmlns="http://schemas.microsoft.com/developer/msbuild/2003">
  <ItemGroup>
    <Filter Include="Source Files">
      <UniqueIdentifier>{4FC737F1-C7A5-4376-A066-2A32D752A2FF}</UniqueIdentifier>
      <Extensions>cpp;c;cc;cxx;c++;cppm;ixx;def;odl;idl;hpj;bat;asm;asmx</Extensions>
    </Filter>
    <Filter Include="Resource Files">
      <UniqueIdentifier>{93995380-89BD-4b04-88EB-625FBE52EBFB}</UniqueIdentifier>
      <Extensions>h;hh;hpp;hxx;h++;hm;inl;inc;ipp;xsd</Extensions>
    </Filter>
  </ItemGroup>
  <ItemGroup>
    <ClCompile Include="$(LIBPNG)\png.c">
      <Filter>Source Files</Filter>
    </ClCompile>
    <ClCompile Include="$(LIBPNG)\pngerror.c">
      <Filter>Source Files</Filter>
    </ClCompile>
    <ClCompile Include="$(LIBPNG)\pngget.c">
      <Filter>Source Files</Filter>
    </ClCompile>
    <ClCompile Include="$(LIBPNG)\pngmem.c">
      <Filter>Source Files</Filter>
    </ClCompile>
    <ClCompile Include="$(LIBPNG)\pngpread.c">
      <Filter>Source Files</Filter>
    </ClCompile>
    <ClCompile Include="$(LIBPNG)\pngread.c">
      <Filter>Source Files</Filter>
    </ClCompile>
    <ClCompile Include="$(LIBPNG)\pngrio.c">
      <Filter>Source Files</Filter>
    </ClCompile>
    <ClCompile Include="$(LIBPNG)\pngrtran.c">
      <Filter>Source Files</Filter>
    </ClCompile>
    <ClCompile Include="$(LIBPNG)\pngrutil.c">
      <Filter>Source Files</Filter>
    </ClCompile>
    <ClCompile Include="$(LIBPNG)\pngset.c">
      <Filter>Source Files</Filter>
    </ClCompile>
    <ClCompile Include="$(LIBPNG)\pngtrans.c">
      <Filter>Source Files</Filter>
    </ClCompile>
    <ClCompile Include="$(LIBPNG)\pngwio.c">
      <Filter>Source Files</Filter>
    </ClCompile>
    <ClCompile Include="$(LIBPNG)\pngwrite.c">
      <Filter>Source Files</Filter>
    </ClCompile>
    <ClCompile Include="$(LIBPNG)\pngwtran.c">
      <Filter>Source Files</Filter>
    </ClCompile>
    <ClCompile Include="$(LIBPNG)\pngwutil.c">
      <Filter>Source Files</Filter>
    </ClCompile>
  </ItemGroup>
  <ItemGroup>
    <ResourceCompile Include="$(LIBPNG)\scripts\pngwin.rc">
      <Filter>Resource Files</Filter>
    </ResourceCompile>
  </ItemGroup>
</Project>